
Microsoft Visual Studio Solution File, Format Version 12.00
# Visual Studio 15
Project("{FAE04EC0-301F-11D3-BF4B-00C04F79EFBC}") = "Localization", "Localization\Localization.csproj", "{7E387499-54FE-4A15-8318-149F1C2DA2CF}"
EndProject
Project("{FAE04EC0-301F-11D3-BF4B-00C04F79EFBC}") = "LocalizationTest", "LocalizationTest\LocalizationTest.csproj", "{AE179581-BFFF-4B2D-9565-64DD99A3C102}"
EndProject
Global
	GlobalSection(SolutionConfigurationPlatforms) = preSolution
		Debug|Any CPU = Debug|Any CPU
		Release|Any CPU = Release|Any CPU
	EndGlobalSection
	GlobalSection(ProjectConfigurationPlatforms) = postSolution
		{7E387499-54FE-4A15-8318-149F1C2DA2CF}.Debug|Any CPU.ActiveCfg = Debug|Any CPU
		{7E387499-54FE-4A15-8318-149F1C2DA2CF}.Debug|Any CPU.Build.0 = Debug|Any CPU
		{7E387499-54FE-4A15-8318-149F1C2DA2CF}.Release|Any CPU.ActiveCfg = Release|Any CPU
		{7E387499-54FE-4A15-8318-149F1C2DA2CF}.Release|Any CPU.Build.0 = Release|Any CPU
		{AE179581-BFFF-4B2D-9565-64DD99A3C102}.Debug|Any CPU.ActiveCfg = Debug|Any CPU
		{AE179581-BFFF-4B2D-9565-64DD99A3C102}.Debug|Any CPU.Build.0 = Debug|Any CPU
		{AE179581-BFFF-4B2D-9565-64DD99A3C102}.Release|Any CPU.ActiveCfg = Release|Any CPU
		{AE179581-BFFF-4B2D-9565-64DD99A3C102}.Release|Any CPU.Build.0 = Release|Any CPU
	EndGlobalSection
EndGlobal
